{
  "name": "fortellis-docs",
  "version": "1.0.0",
  "lockfileVersion": 1,
  "requires": true,
  "dependencies": {
    "argparse": {
      "version": "1.0.10",
      "resolved": "http://artifactory.cdk.com/artifactory/api/npm/npm-repo/argparse/-/argparse-1.0.10.tgz",
      "integrity": "sha1-vNZ5HqWuCXJeF+WtmIE0zUCz2RE=",
      "dev": true,
      "requires": {
        "sprintf-js": "~1.0.2"
      }
    },
    "balanced-match": {
      "version": "1.0.2",
      "resolved": "https://registry.npmjs.org/balanced-match/-/balanced-match-1.0.2.tgz",
      "integrity": "sha512-3oSeUO0TMV67hN1AmbXsK4yaqU7tjiHlbxRDZOpH0KW9+CeX4bRAaX0Anxt0tx2MrpRpWwQaPwIlISEJhYU5Pw==",
      "dev": true
    },
    "brace-expansion": {
      "version": "2.0.1",
      "resolved": "https://registry.npmjs.org/brace-expansion/-/brace-expansion-2.0.1.tgz",
      "integrity": "sha512-XnAIvQ8eM+kC6aULx6wuQiwVsnzsi9d3WxzV3FpWTGA19F621kwdbsAcFKXgKUHZWsy+mY6iL1sHTxWEFCytDA==",
      "dev": true,
      "requires": {
        "balanced-match": "^1.0.0"
      }
    },
    "builtin-modules": {
      "version": "1.1.1",
      "resolved": "http://artifactory.cdk.com/artifactory/api/npm/npm-repo/builtin-modules/-/builtin-modules-1.1.1.tgz",
      "integrity": "sha1-Jw8HbFpywC9bZaR9+Uxf46J4iS8=",
      "dev": true
    },
    "caller-callsite": {
      "version": "2.0.0",
      "resolved": "http://artifactory.cdk.com/artifactory/api/npm/npm-repo/caller-callsite/-/caller-callsite-2.0.0.tgz",
      "integrity": "sha1-hH4PzgoiN1CpoCfFSzNzGtMVQTQ=",
      "dev": true,
      "requires": {
        "callsites": "^2.0.0"
      }
    },
    "caller-path": {
      "version": "2.0.0",
      "resolved": "http://artifactory.cdk.com/artifactory/api/npm/npm-repo/caller-path/-/caller-path-2.0.0.tgz",
      "integrity": "sha1-Ro+DBE42mrIBD6xfBs7uFbsssfQ=",
      "dev": true,
      "requires": {
        "caller-callsite": "^2.0.0"
      }
    },
    "callsites": {
      "version": "2.0.0",
      "resolved": "http://artifactory.cdk.com/artifactory/api/npm/npm-repo/callsites/-/callsites-2.0.0.tgz",
      "integrity": "sha1-BuuE8A7qQT2oav/vrL/7Ngk7PFA=",
      "dev": true
    },
    "ci-info": {
      "version": "1.6.0",
      "resolved": "http://artifactory.cdk.com/artifactory/api/npm/npm-repo/ci-info/-/ci-info-1.6.0.tgz",
      "integrity": "sha1-LKINu5zrMtRSSmgzAzE/AwSx5Jc=",
      "dev": true
    },
    "commander": {
      "version": "9.4.0",
      "resolved": "https://registry.npmjs.org/commander/-/commander-9.4.0.tgz",
      "integrity": "sha512-sRPT+umqkz90UA8M1yqYfnHlZA7fF6nSphDtxeywPZ49ysjxDQybzk13CL+mXekDRG92skbcqCLVovuCusNmFw==",
      "dev": true
    },
    "cosmiconfig": {
      "version": "5.0.7",
      "resolved": "http://artifactory.cdk.com/artifactory/api/npm/npm-repo/cosmiconfig/-/cosmiconfig-5.0.7.tgz",
      "integrity": "sha1-OYJrKS7g147aE336MXO9HCGkOwQ=",
      "dev": true,
      "requires": {
        "import-fresh": "^2.0.0",
        "is-directory": "^0.3.1",
        "js-yaml": "^3.9.0",
        "parse-json": "^4.0.0"
      }
    },
    "cross-spawn": {
      "version": "5.1.0",
      "resolved": "http://artifactory.cdk.com/artifactory/api/npm/npm-repo/cross-spawn/-/cross-spawn-5.1.0.tgz",
      "integrity": "sha1-6L0O/uWPz/b4+UUQoKVUu/ojVEk=",
      "dev": true,
      "requires": {
        "lru-cache": "^4.0.1",
        "shebang-command": "^1.2.0",
        "which": "^1.2.9"
      }
    },
    "deep-extend": {
      "version": "0.6.0",
      "resolved": "https://registry.npmjs.org/deep-extend/-/deep-extend-0.6.0.tgz",
      "integrity": "sha512-LOHxIOaPYdHlJRtCQfDIVZtfw/ufM8+rVj649RIHzcm/vGwQRXFt6OPqIFWsm2XEMrNIEtWR64sY1LEKD2vAOA==",
      "dev": true
    },
    "entities": {
      "version": "3.0.1",
      "resolved": "https://registry.npmjs.org/entities/-/entities-3.0.1.tgz",
      "integrity": "sha512-WiyBqoomrwMdFG1e0kqvASYfnlb0lp8M5o5Fw2OFq1hNZxxcNk8Ik0Xm7LxzBhuidnZB/UtBqVCgUz3kBOP51Q==",
      "dev": true
    },
    "error-ex": {
      "version": "1.3.2",
      "resolved": "http://artifactory.cdk.com/artifactory/api/npm/npm-repo/error-ex/-/error-ex-1.3.2.tgz",
      "integrity": "sha1-tKxAZIEH/c3PriQvQovqihTU8b8=",
      "dev": true,
      "requires": {
        "is-arrayish": "^0.2.1"
      }
    },
    "esprima": {
      "version": "4.0.1",
      "resolved": "http://artifactory.cdk.com/artifactory/api/npm/npm-repo/esprima/-/esprima-4.0.1.tgz",
      "integrity": "sha1-E7BM2z5sXRnfkatph6hpVhmwqnE=",
      "dev": true
    },
    "execa": {
      "version": "0.9.0",
      "resolved": "http://artifactory.cdk.com/artifactory/api/npm/npm-repo/execa/-/execa-0.9.0.tgz",
      "integrity": "sha1-rbfOYs+YUHH2BYDetKiLnjRxLQE=",
      "dev": true,
      "requires": {
        "cross-spawn": "^5.0.1",
        "get-stream": "^3.0.0",
        "is-stream": "^1.1.0",
        "npm-run-path": "^2.0.0",
        "p-finally": "^1.0.0",
        "signal-exit": "^3.0.0",
        "strip-eof": "^1.0.0"
      }
    },
    "find-up": {
      "version": "3.0.0",
      "resolved": "http://artifactory.cdk.com/artifactory/api/npm/npm-repo/find-up/-/find-up-3.0.0.tgz",
      "integrity": "sha1-SRafHXmTQwZG2mHsxa41XCHJe3M=",
      "dev": true,
      "requires": {
        "locate-path": "^3.0.0"
      }
    },
    "fs.realpath": {
      "version": "1.0.0",
      "resolved": "https://registry.npmjs.org/fs.realpath/-/fs.realpath-1.0.0.tgz",
      "integrity": "sha512-OO0pH2lK6a0hZnAdau5ItzHPI6pUlvI7jMVnxUQRtw4owF2wk8lOSabtGDCTP4Ggrg2MbGnWO9X8K1t4+fGMDw==",
      "dev": true
    },
    "get-stdin": {
      "version": "6.0.0",
      "resolved": "http://artifactory.cdk.com/artifactory/api/npm/npm-repo/get-stdin/-/get-stdin-6.0.0.tgz",
      "integrity": "sha1-ngm/cSs2CrkiXoEgSPcf3pyJZXs=",
      "dev": true
    },
    "get-stream": {
      "version": "3.0.0",
      "resolved": "http://artifactory.cdk.com/artifactory/api/npm/npm-repo/get-stream/-/get-stream-3.0.0.tgz",
      "integrity": "sha1-jpQ9E1jcN1VQVOy+LtsFqhdO3hQ=",
      "dev": true
    },
    "glob": {
      "version": "8.0.3",
      "resolved": "https://registry.npmjs.org/glob/-/glob-8.0.3.tgz",
      "integrity": "sha512-ull455NHSHI/Y1FqGaaYFaLGkNMMJbavMrEGFXG/PGrg6y7sutWHUHrz6gy6WEBH6akM1M414dWKCNs+IhKdiQ==",
      "dev": true,
      "requires": {
        "fs.realpath": "^1.0.0",
        "inflight": "^1.0.4",
        "inherits": "2",
        "minimatch": "^5.0.1",
        "once": "^1.3.0"
      }
    },
    "hosted-git-info": {
      "version": "2.8.9",
      "resolved": "https://registry.npmjs.org/hosted-git-info/-/hosted-git-info-2.8.9.tgz",
      "integrity": "sha512-mxIDAb9Lsm6DoOJ7xH+5+X4y1LU/4Hi50L9C5sIswK3JzULS4bwk1FvjdBgvYR4bzT4tuUQiC15FE2f5HbLvYw==",
      "dev": true
    },
    "husky": {
      "version": "1.1.3",
      "resolved": "http://artifactory.cdk.com/artifactory/api/npm/npm-repo/husky/-/husky-1.1.3.tgz",
      "integrity": "sha1-PM/bTXMyiWv3zQ5hjG+4vgnZ3ks=",
      "dev": true,
      "requires": {
        "cosmiconfig": "^5.0.6",
        "execa": "^0.9.0",
        "find-up": "^3.0.0",
        "get-stdin": "^6.0.0",
        "is-ci": "^1.2.1",
        "pkg-dir": "^3.0.0",
        "please-upgrade-node": "^3.1.1",
        "read-pkg": "^4.0.1",
        "run-node": "^1.0.0",
        "slash": "^2.0.0"
      }
    },
    "ignore": {
      "version": "5.2.0",
      "resolved": "https://registry.npmjs.org/ignore/-/ignore-5.2.0.tgz",
      "integrity": "sha512-CmxgYGiEPCLhfLnpPp1MoRmifwEIOgjcHXxOBjv7mY96c+eWScsOP9c112ZyLdWHi0FxHjI+4uVhKYp/gcdRmQ==",
      "dev": true
    },
    "import-fresh": {
      "version": "2.0.0",
      "resolved": "http://artifactory.cdk.com/artifactory/api/npm/npm-repo/import-fresh/-/import-fresh-2.0.0.tgz",
      "integrity": "sha1-2BNVwVYS04bGH53dOSLUMEgipUY=",
      "dev": true,
      "requires": {
        "caller-path": "^2.0.0",
        "resolve-from": "^3.0.0"
      }
    },
    "inflight": {
      "version": "1.0.6",
      "resolved": "https://registry.npmjs.org/inflight/-/inflight-1.0.6.tgz",
      "integrity": "sha512-k92I/b08q4wvFscXCLvqfsHCrjrF7yiXsQuIVvVE7N82W3+aqpzuUdBbfhWcy/FZR3/4IgflMgKLOsvPDrGCJA==",
      "dev": true,
      "requires": {
        "once": "^1.3.0",
        "wrappy": "1"
      }
    },
    "inherits": {
      "version": "2.0.4",
      "resolved": "https://registry.npmjs.org/inherits/-/inherits-2.0.4.tgz",
      "integrity": "sha512-k/vGaX4/Yla3WzyMCvTQOXYeIHvqOKtnqBduzTHpzpQZzAskKMhZ2K+EnBiSM9zGSoIFeMpXKxa4dYeZIQqewQ==",
      "dev": true
    },
    "ini": {
      "version": "3.0.1",
      "resolved": "https://registry.npmjs.org/ini/-/ini-3.0.1.tgz",
      "integrity": "sha512-it4HyVAUTKBc6m8e1iXWvXSTdndF7HbdN713+kvLrymxTaU4AUBWrJ4vEooP+V7fexnVD3LKcBshjGGPefSMUQ==",
      "dev": true
    },
    "is-arrayish": {
      "version": "0.2.1",
      "resolved": "http://artifactory.cdk.com/artifactory/api/npm/npm-repo/is-arrayish/-/is-arrayish-0.2.1.tgz",
      "integrity": "sha1-d8mYQFJ6qOyxqLppe4BkWnqSap0=",
      "dev": true
    },
    "is-builtin-module": {
      "version": "1.0.0",
      "resolved": "http://artifactory.cdk.com/artifactory/api/npm/npm-repo/is-builtin-module/-/is-builtin-module-1.0.0.tgz",
      "integrity": "sha1-VAVy0096wxGfj3bDDLwbHgN6/74=",
      "dev": true,
      "requires": {
        "builtin-modules": "^1.0.0"
      }
    },
    "is-ci": {
      "version": "1.2.1",
      "resolved": "http://artifactory.cdk.com/artifactory/api/npm/npm-repo/is-ci/-/is-ci-1.2.1.tgz",
      "integrity": "sha1-43ecjuF/zPQoSI9uKBGH8uYyhBw=",
      "dev": true,
      "requires": {
        "ci-info": "^1.5.0"
      }
    },
    "is-directory": {
      "version": "0.3.1",
      "resolved": "http://artifactory.cdk.com/artifactory/api/npm/npm-repo/is-directory/-/is-directory-0.3.1.tgz",
      "integrity": "sha1-YTObbyR1/Hcv2cnYP1yFddwVSuE=",
      "dev": true
    },
    "is-stream": {
      "version": "1.1.0",
      "resolved": "http://artifactory.cdk.com/artifactory/api/npm/npm-repo/is-stream/-/is-stream-1.1.0.tgz",
      "integrity": "sha1-EtSj3U5o4Lec6428hBc66A2RykQ=",
      "dev": true
    },
    "isexe": {
      "version": "2.0.0",
      "resolved": "http://artifactory.cdk.com/artifactory/api/npm/npm-repo/isexe/-/isexe-2.0.0.tgz",
      "integrity": "sha1-6PvzdNxVb/iUehDcsFctYz8s+hA=",
      "dev": true
    },
    "js-yaml": {
      "version": "3.14.1",
      "resolved": "https://registry.npmjs.org/js-yaml/-/js-yaml-3.14.1.tgz",
      "integrity": "sha512-okMH7OXXJ7YrN9Ok3/SXrnu4iX9yOk+25nqX4imS2npuvTYDmo/QEZoqwZkYaIDk3jVvBOTOIEgEhaLOynBS9g==",
      "dev": true,
      "requires": {
        "argparse": "^1.0.7",
        "esprima": "^4.0.0"
      }
    },
    "json-parse-better-errors": {
      "version": "1.0.2",
      "resolved": "http://artifactory.cdk.com/artifactory/api/npm/npm-repo/json-parse-better-errors/-/json-parse-better-errors-1.0.2.tgz",
      "integrity": "sha1-u4Z8+zRQ5pEHwTHRxRS6s9yLyqk=",
      "dev": true
    },
    "jsonc-parser": {
      "version": "3.1.0",
      "resolved": "https://registry.npmjs.org/jsonc-parser/-/jsonc-parser-3.1.0.tgz",
      "integrity": "sha512-DRf0QjnNeCUds3xTjKlQQ3DpJD51GvDjJfnxUVWg6PZTo2otSm+slzNAxU/35hF8/oJIKoG9slq30JYOsF2azg==",
      "dev": true
    },
    "linkify-it": {
      "version": "4.0.1",
      "resolved": "https://registry.npmjs.org/linkify-it/-/linkify-it-4.0.1.tgz",
      "integrity": "sha512-C7bfi1UZmoj8+PQx22XyeXCuBlokoyWQL5pWSP+EI6nzRylyThouddufc2c1NDIcP9k5agmN9fLpA7VNJfIiqw==",
      "dev": true,
      "requires": {
        "uc.micro": "^1.0.1"
      }
    },
    "locate-path": {
      "version": "3.0.0",
      "resolved": "http://artifactory.cdk.com/artifactory/api/npm/npm-repo/locate-path/-/locate-path-3.0.0.tgz",
      "integrity": "sha1-2+w7OrdZdYBxtY/ln8QYca8hQA4=",
      "dev": true,
      "requires": {
        "p-locate": "^3.0.0",
        "path-exists": "^3.0.0"
      }
    },
    "lru-cache": {
      "version": "4.1.3",
      "resolved": "http://artifactory.cdk.com/artifactory/api/npm/npm-repo/lru-cache/-/lru-cache-4.1.3.tgz",
      "integrity": "sha1-oRdc80lt/IQ2wVbDNLSVWZK85pw=",
      "dev": true,
      "requires": {
        "pseudomap": "^1.0.2",
        "yallist": "^2.1.2"
      }
    },
    "markdown-it": {
      "version": "13.0.1",
      "resolved": "https://registry.npmjs.org/markdown-it/-/markdown-it-13.0.1.tgz",
      "integrity": "sha512-lTlxriVoy2criHP0JKRhO2VDG9c2ypWCsT237eDiLqi09rmbKoUetyGHq2uOIRoRS//kfoJckS0eUzzkDR+k2Q==",
      "dev": true,
      "requires": {
        "argparse": "^2.0.1",
        "entities": "~3.0.1",
        "linkify-it": "^4.0.1",
        "mdurl": "^1.0.1",
        "uc.micro": "^1.0.5"
      },
      "dependencies": {
        "argparse": {
          "version": "2.0.1",
          "resolved": "https://registry.npmjs.org/argparse/-/argparse-2.0.1.tgz",
          "integrity": "sha512-8+9WqebbFzpX9OR+Wa6O29asIogeRMzcGtAINdpMHHyAg10f05aSFVBbcEqGf/PXw1EjAZ+q2/bEBg3DvurK3Q==",
          "dev": true
        }
      }
    },
    "markdownlint": {
      "version": "0.26.2",
      "resolved": "https://registry.npmjs.org/markdownlint/-/markdownlint-0.26.2.tgz",
      "integrity": "sha512-2Am42YX2Ex5SQhRq35HxYWDfz1NLEOZWWN25nqd2h3AHRKsGRE+Qg1gt1++exW792eXTrR4jCNHfShfWk9Nz8w==",
      "dev": true,
      "requires": {
        "markdown-it": "13.0.1"
      }
    },
    "markdownlint-cli": {
      "version": "0.32.2",
      "resolved": "https://registry.npmjs.org/markdownlint-cli/-/markdownlint-cli-0.32.2.tgz",
      "integrity": "sha512-xmJT1rGueUgT4yGNwk6D0oqQr90UJ7nMyakXtqjgswAkEhYYqjHew9RY8wDbOmh2R270IWjuKSeZzHDEGPAUkQ==",
      "dev": true,
      "requires": {
        "commander": "~9.4.0",
        "get-stdin": "~9.0.0",
        "glob": "~8.0.3",
        "ignore": "~5.2.0",
        "js-yaml": "^4.1.0",
        "jsonc-parser": "~3.1.0",
        "markdownlint": "~0.26.2",
        "markdownlint-rule-helpers": "~0.17.2",
        "minimatch": "~5.1.0",
        "run-con": "~1.2.11"
      },
      "dependencies": {
        "argparse": {
          "version": "2.0.1",
          "resolved": "https://registry.npmjs.org/argparse/-/argparse-2.0.1.tgz",
          "integrity": "sha512-8+9WqebbFzpX9OR+Wa6O29asIogeRMzcGtAINdpMHHyAg10f05aSFVBbcEqGf/PXw1EjAZ+q2/bEBg3DvurK3Q==",
          "dev": true
        },
        "get-stdin": {
          "version": "9.0.0",
          "resolved": "https://registry.npmjs.org/get-stdin/-/get-stdin-9.0.0.tgz",
          "integrity": "sha512-dVKBjfWisLAicarI2Sf+JuBE/DghV4UzNAVe9yhEJuzeREd3JhOTE9cUaJTeSa77fsbQUK3pcOpJfM59+VKZaA==",
          "dev": true
        },
        "js-yaml": {
          "version": "4.1.0",
          "resolved": "https://registry.npmjs.org/js-yaml/-/js-yaml-4.1.0.tgz",
          "integrity": "sha512-wpxZs9NoxZaJESJGIZTyDEaYpl0FKSA+FB9aJiyemKhMwkxQg63h4T1KJgUGHpTqPDNRcmmYLugrRjJlBtWvRA==",
          "dev": true,
          "requires": {
            "argparse": "^2.0.1"
          }
        }
      }
    },
    "markdownlint-rule-helpers": {
      "version": "0.17.2",
      "resolved": "https://registry.npmjs.org/markdownlint-rule-helpers/-/markdownlint-rule-helpers-0.17.2.tgz",
      "integrity": "sha512-XaeoW2NYSlWxMCZM2B3H7YTG6nlaLfkEZWMBhr4hSPlq9MuY2sy83+Xr89jXOqZMZYjvi5nBCGoFh7hHoPKZmA==",
      "dev": true
    },
    "mdurl": {
      "version": "1.0.1",
      "resolved": "https://registry.npmjs.org/mdurl/-/mdurl-1.0.1.tgz",
      "integrity": "sha512-/sKlQJCBYVY9Ers9hqzKou4H6V5UWc/M59TH2dvkt+84itfnq7uFOMLpOiOS4ujvHP4etln18fmIxA5R5fll0g==",
      "dev": true
    },
    "minimatch": {
      "version": "5.1.0",
      "resolved": "https://registry.npmjs.org/minimatch/-/minimatch-5.1.0.tgz",
      "integrity": "sha512-9TPBGGak4nHfGZsPBohm9AWg6NoT7QTCehS3BIJABslyZbzxfV78QM2Y6+i741OPZIafFAaiiEMh5OyIrJPgtg==",
      "dev": true,
      "requires": {
        "brace-expansion": "^2.0.1"
      }
    },
    "minimist": {
      "version": "1.2.6",
      "resolved": "https://registry.npmjs.org/minimist/-/minimist-1.2.6.tgz",
      "integrity": "sha512-Jsjnk4bw3YJqYzbdyBiNsPWHPfO++UGG749Cxs6peCu5Xg4nrena6OVxOYxrQTqww0Jmwt+Ref8rggumkTLz9Q==",
      "dev": true
    },
    "normalize-package-data": {
      "version": "2.4.0",
      "resolved": "http://artifactory.cdk.com/artifactory/api/npm/npm-repo/normalize-package-data/-/normalize-package-data-2.4.0.tgz",
      "integrity": "sha1-EvlaMH1YNSB1oEkHuErIvpisAS8=",
      "dev": true,
      "requires": {
        "hosted-git-info": "^2.1.4",
        "is-builtin-module": "^1.0.0",
        "semver": "2 || 3 || 4 || 5",
        "validate-npm-package-license": "^3.0.1"
      }
    },
    "npm-run-path": {
      "version": "2.0.2",
      "resolved": "http://artifactory.cdk.com/artifactory/api/npm/npm-repo/npm-run-path/-/npm-run-path-2.0.2.tgz",
      "integrity": "sha1-NakjLfo11wZ7TLLd8jV7GHFTbF8=",
      "dev": true,
      "requires": {
        "path-key": "^2.0.0"
      }
    },
    "once": {
      "version": "1.4.0",
      "resolved": "https://registry.npmjs.org/once/-/once-1.4.0.tgz",
      "integrity": "sha512-lNaJgI+2Q5URQBkccEKHTQOPaXdUxnZZElQTZY0MFUAuaEqe1E+Nyvgdz/aIyNi6Z9MzO5dv1H8n58/GELp3+w==",
      "dev": true,
      "requires": {
        "wrappy": "1"
      }
    },
    "p-finally": {
      "version": "1.0.0",
      "resolved": "http://artifactory.cdk.com/artifactory/api/npm/npm-repo/p-finally/-/p-finally-1.0.0.tgz",
      "integrity": "sha1-P7z7FbiZpEEjs0ttzBi3JDNqLK4=",
      "dev": true
    },
    "p-limit": {
      "version": "2.0.0",
      "resolved": "http://artifactory.cdk.com/artifactory/api/npm/npm-repo/p-limit/-/p-limit-2.0.0.tgz",
      "integrity": "sha1-5iTtVO6MRgp3izyfNnBJb/ileuw=",
      "dev": true,
      "requires": {
        "p-try": "^2.0.0"
      }
    },
    "p-locate": {
      "version": "3.0.0",
      "resolved": "http://artifactory.cdk.com/artifactory/api/npm/npm-repo/p-locate/-/p-locate-3.0.0.tgz",
      "integrity": "sha1-Mi1poFwCZLJZl9n0DNiokasAZKQ=",
      "dev": true,
      "requires": {
        "p-limit": "^2.0.0"
      }
    },
    "p-try": {
      "version": "2.0.0",
      "resolved": "http://artifactory.cdk.com/artifactory/api/npm/npm-repo/p-try/-/p-try-2.0.0.tgz",
      "integrity": "sha1-hQgLuHxkaI+keZb+j3376CEXYLE=",
      "dev": true
    },
    "parse-json": {
      "version": "4.0.0",
      "resolved": "http://artifactory.cdk.com/artifactory/api/npm/npm-repo/parse-json/-/parse-json-4.0.0.tgz",
      "integrity": "sha1-vjX1Qlvh9/bHRxhPmKeIy5lHfuA=",
      "dev": true,
      "requires": {
        "error-ex": "^1.3.1",
        "json-parse-better-errors": "^1.0.1"
      }
    },
    "path-exists": {
      "version": "3.0.0",
      "resolved": "http://artifactory.cdk.com/artifactory/api/npm/npm-repo/path-exists/-/path-exists-3.0.0.tgz",
      "integrity": "sha1-zg6+ql94yxiSXqfYENe1mwEP1RU=",
      "dev": true
    },
    "path-key": {
      "version": "2.0.1",
      "resolved": "http://artifactory.cdk.com/artifactory/api/npm/npm-repo/path-key/-/path-key-2.0.1.tgz",
      "integrity": "sha1-QRyttXTFoUDTpLGRDUDYDMn0C0A=",
      "dev": true
    },
    "pify": {
      "version": "3.0.0",
      "resolved": "http://artifactory.cdk.com/artifactory/api/npm/npm-repo/pify/-/pify-3.0.0.tgz",
      "integrity": "sha1-5aSs0sEB/fPZpNB/DbxNtJ3SgXY=",
      "dev": true
    },
    "pkg-dir": {
      "version": "3.0.0",
      "resolved": "http://artifactory.cdk.com/artifactory/api/npm/npm-repo/pkg-dir/-/pkg-dir-3.0.0.tgz",
      "integrity": "sha1-J0kCDyOe2ZCIGx9xIQ1R62UjvqM=",
      "dev": true,
      "requires": {
        "find-up": "^3.0.0"
      }
    },
    "please-upgrade-node": {
      "version": "3.1.1",
      "resolved": "http://artifactory.cdk.com/artifactory/api/npm/npm-repo/please-upgrade-node/-/please-upgrade-node-3.1.1.tgz",
      "integrity": "sha1-7TIAUd/MUCT65pZxLIKImTWV6Kw=",
      "dev": true,
      "requires": {
        "semver-compare": "^1.0.0"
      }
    },
    "pseudomap": {
      "version": "1.0.2",
      "resolved": "http://artifactory.cdk.com/artifactory/api/npm/npm-repo/pseudomap/-/pseudomap-1.0.2.tgz",
      "integrity": "sha1-8FKijacOYYkX7wqKw0wa5aaChrM=",
      "dev": true
    },
    "read-pkg": {
      "version": "4.0.1",
      "resolved": "http://artifactory.cdk.com/artifactory/api/npm/npm-repo/read-pkg/-/read-pkg-4.0.1.tgz",
      "integrity": "sha1-ljYlN48+HE1IyFhytabsfV0JMjc=",
      "dev": true,
      "requires": {
        "normalize-package-data": "^2.3.2",
        "parse-json": "^4.0.0",
        "pify": "^3.0.0"
      }
    },
    "resolve-from": {
      "version": "3.0.0",
      "resolved": "http://artifactory.cdk.com/artifactory/api/npm/npm-repo/resolve-from/-/resolve-from-3.0.0.tgz",
      "integrity": "sha1-six699nWiBvItuZTM17rywoYh0g=",
      "dev": true
    },
    "run-con": {
      "version": "1.2.11",
      "resolved": "https://registry.npmjs.org/run-con/-/run-con-1.2.11.tgz",
      "integrity": "sha512-NEMGsUT+cglWkzEr4IFK21P4Jca45HqiAbIIZIBdX5+UZTB24Mb/21iNGgz9xZa8tL6vbW7CXmq7MFN42+VjNQ==",
      "dev": true,
      "requires": {
        "deep-extend": "^0.6.0",
        "ini": "~3.0.0",
        "minimist": "^1.2.6",
        "strip-json-comments": "~3.1.1"
      }
    },
    "run-node": {
      "version": "1.0.0",
      "resolved": "http://artifactory.cdk.com/artifactory/api/npm/npm-repo/run-node/-/run-node-1.0.0.tgz",
      "integrity": "sha1-RrULlGoqotSUeuHYhumFb9nKvl4=",
      "dev": true
    },
    "semver": {
      "version": "5.6.0",
      "resolved": "http://artifactory.cdk.com/artifactory/api/npm/npm-repo/semver/-/semver-5.6.0.tgz",
      "integrity": "sha1-fnQlb7qknHWqfHogXMInmcrIAAQ=",
      "dev": true
    },
    "semver-compare": {
      "version": "1.0.0",
      "resolved": "http://artifactory.cdk.com/artifactory/api/npm/npm-repo/semver-compare/-/semver-compare-1.0.0.tgz",
      "integrity": "sha1-De4hahyUGrN+nvsXiPavxf9VN/w=",
      "dev": true
    },
    "shebang-command": {
      "version": "1.2.0",
      "resolved": "http://artifactory.cdk.com/artifactory/api/npm/npm-repo/shebang-command/-/shebang-command-1.2.0.tgz",
      "integrity": "sha1-RKrGW2lbAzmJaMOfNj/uXer98eo=",
      "dev": true,
      "requires": {
        "shebang-regex": "^1.0.0"
      }
    },
    "shebang-regex": {
      "version": "1.0.0",
      "resolved": "http://artifactory.cdk.com/artifactory/api/npm/npm-repo/shebang-regex/-/shebang-regex-1.0.0.tgz",
      "integrity": "sha1-2kL0l0DAtC2yypcoVxyxkMmO/qM=",
      "dev": true
    },
    "signal-exit": {
      "version": "3.0.2",
      "resolved": "http://artifactory.cdk.com/artifactory/api/npm/npm-repo/signal-exit/-/signal-exit-3.0.2.tgz",
      "integrity": "sha1-tf3AjxKH6hF4Yo5BXiUTK3NkbG0=",
      "dev": true
    },
    "slash": {
      "version": "2.0.0",
      "resolved": "http://artifactory.cdk.com/artifactory/api/npm/npm-repo/slash/-/slash-2.0.0.tgz",
      "integrity": "sha1-3lUoUaF1nfOo8gZTVEL17E3eq0Q=",
      "dev": true
    },
    "spdx-correct": {
      "version": "3.0.2",
      "resolved": "http://artifactory.cdk.com/artifactory/api/npm/npm-repo/spdx-correct/-/spdx-correct-3.0.2.tgz",
      "integrity": "sha1-GbtAnpG0exrVQVkkP3MSqFjbPC4=",
      "dev": true,
      "requires": {
        "spdx-expression-parse": "^3.0.0",
        "spdx-license-ids": "^3.0.0"
      }
    },
    "spdx-exceptions": {
      "version": "2.2.0",
      "resolved": "http://artifactory.cdk.com/artifactory/api/npm/npm-repo/spdx-exceptions/-/spdx-exceptions-2.2.0.tgz",
      "integrity": "sha1-LqRQrudPKom/uUUZwH/Nb0EyKXc=",
      "dev": true
    },
    "spdx-expression-parse": {
      "version": "3.0.0",
      "resolved": "http://artifactory.cdk.com/artifactory/api/npm/npm-repo/spdx-expression-parse/-/spdx-expression-parse-3.0.0.tgz",
      "integrity": "sha1-meEZt6XaAOBUkcn6M4t5BII7QdA=",
      "dev": true,
      "requires": {
        "spdx-exceptions": "^2.1.0",
        "spdx-license-ids": "^3.0.0"
      }
    },
    "spdx-license-ids": {
      "version": "3.0.2",
      "resolved": "http://artifactory.cdk.com/artifactory/api/npm/npm-repo/spdx-license-ids/-/spdx-license-ids-3.0.2.tgz",
      "integrity": "sha1-pZ78CXhMKlutoTz+r1x13SFARNI=",
      "dev": true
    },
    "sprintf-js": {
      "version": "1.0.3",
      "resolved": "http://artifactory.cdk.com/artifactory/api/npm/npm-repo/sprintf-js/-/sprintf-js-1.0.3.tgz",
      "integrity": "sha1-BOaSb2YolTVPPdAVIDYzuFcpfiw=",
      "dev": true
    },
    "strip-eof": {
      "version": "1.0.0",
      "resolved": "http://artifactory.cdk.com/artifactory/api/npm/npm-repo/strip-eof/-/strip-eof-1.0.0.tgz",
      "integrity": "sha1-u0P/VZim6wXYm1n80SnJgzE2Br8=",
      "dev": true
    },
    "strip-json-comments": {
      "version": "3.1.1",
      "resolved": "https://registry.npmjs.org/strip-json-comments/-/strip-json-comments-3.1.1.tgz",
      "integrity": "sha512-6fPc+R4ihwqP6N/aIv2f1gMH8lOVtWQHoqC4yK6oSDVVocumAsfCqjkXnqiYMhmMwS/mEHLp7Vehlt3ql6lEig==",
      "dev": true
    },
    "uc.micro": {
      "version": "1.0.6",
      "resolved": "https://registry.npmjs.org/uc.micro/-/uc.micro-1.0.6.tgz",
      "integrity": "sha512-8Y75pvTYkLJW2hWQHXxoqRgV7qb9B+9vFEtidML+7koHUFapnVJAZ6cKs+Qjz5Aw3aZWHMC6u0wJE3At+nSGwA==",
      "dev": true
    },
    "validate-npm-package-license": {
      "version": "3.0.4",
      "resolved": "http://artifactory.cdk.com/artifactory/api/npm/npm-repo/validate-npm-package-license/-/validate-npm-package-license-3.0.4.tgz",
      "integrity": "sha1-/JH2uce6FchX9MssXe/uw51PQQo=",
      "dev": true,
      "requires": {
        "spdx-correct": "^3.0.0",
        "spdx-expression-parse": "^3.0.0"
      }
    },
    "which": {
      "version": "1.3.1",
      "resolved": "http://artifactory.cdk.com/artifactory/api/npm/npm-repo/which/-/which-1.3.1.tgz",
      "integrity": "sha1-pFBD1U9YBTFtqNYvn1CRjT2nCwo=",
      "dev": true,
      "requires": {
        "isexe": "^2.0.0"
      }
    },
    "wrappy": {
      "version": "1.0.2",
      "resolved": "https://registry.npmjs.org/wrappy/-/wrappy-1.0.2.tgz",
      "integrity": "sha512-l4Sp/DRseor9wL6EvV2+TuQn63dMkPjZ/sp9XkghTEbV9KlPS1xUsZ3u7/IQO4wxtcFB4bgpQPRcR3QCvezPcQ==",
      "dev": true
    },
    "yallist": {
      "version": "2.1.2",
      "resolved": "http://artifactory.cdk.com/artifactory/api/npm/npm-repo/yallist/-/yallist-2.1.2.tgz",
      "integrity": "sha1-HBH5IY8HYImkfdUS+TxmmaaoHVI=",
      "dev": true
    }
  }
}
